
Microsoft Visual Studio Solution File, Format Version 12.00
# Visual Studio Version 16
VisualStudioVersion = 16.0.34031.81
MinimumVisualStudioVersion = 10.0.40219.1
Project("{FAE04EC0-301F-11D3-BF4B-00C04F79EFBC}") = "Tyuiu.ShakirovRR.Sprint7.Project.V7", "Tyuiu.ShakirovRR.Sprint7.Project.V7\Tyuiu.ShakirovRR.Sprint7.Project.V7.csproj", "{AC7E32FB-8826-473C-BCD0-4DE79DFBA5B6}"
EndProject
Project("{FAE04EC0-301F-11D3-BF4B-00C04F79EFBC}") = "Tyuiu.ShakirovRR.Sprint7.Project.V7.Lib", "Tyuiu.ShakirovRR.Sprint7.Project.V7.Lib\Tyuiu.ShakirovRR.Sprint7.Project.V7.Lib.csproj", "{2ADF5E29-5588-4772-ACFA-F133E12D20F8}"
EndProject
Project("{FAE04EC0-301F-11D3-BF4B-00C04F79EFBC}") = "Tyuiu.ShakirovRR.Sprint7.Project.V7.Test", "Tyuiu.ShakirovRR.Sprint7.Project.V7.Test\Tyuiu.ShakirovRR.Sprint7.Project.V7.Test.csproj", "{82DBB53D-C236-4B6C-AEA5-E918AB8986DF}"
EndProject
Global
	GlobalSection(SolutionConfigurationPlatforms) = preSolution
		Debug|Any CPU = Debug|Any CPU
		Release|Any CPU = Release|Any CPU
	EndGlobalSection
	GlobalSection(ProjectConfigurationPlatforms) = postSolution
		{AC7E32FB-8826-473C-BCD0-4DE79DFBA5B6}.Debug|Any CPU.ActiveCfg = Debug|Any CPU
		{AC7E32FB-8826-473C-BCD0-4DE79DFBA5B6}.Debug|Any CPU.Build.0 = Debug|Any CPU
		{AC7E32FB-8826-473C-BCD0-4DE79DFBA5B6}.Release|Any CPU.ActiveCfg = Release|Any CPU
		{AC7E32FB-8826-473C-BCD0-4DE79DFBA5B6}.Release|Any CPU.Build.0 = Release|Any CPU
		{2ADF5E29-5588-4772-ACFA-F133E12D20F8}.Debug|Any CPU.ActiveCfg = Debug|Any CPU
		{2ADF5E29-5588-4772-ACFA-F133E12D20F8}.Debug|Any CPU.Build.0 = Debug|Any CPU
		{2ADF5E29-5588-4772-ACFA-F133E12D20F8}.Release|Any CPU.ActiveCfg = Release|Any CPU
		{2ADF5E29-5588-4772-ACFA-F133E12D20F8}.Release|Any CPU.Build.0 = Release|Any CPU
		{82DBB53D-C236-4B6C-AEA5-E918AB8986DF}.Debug|Any CPU.ActiveCfg = Debug|Any CPU
		{82DBB53D-C236-4B6C-AEA5-E918AB8986DF}.Debug|Any CPU.Build.0 = Debug|Any CPU
		{82DBB53D-C236-4B6C-AEA5-E918AB8986DF}.Release|Any CPU.ActiveCfg = Release|Any CPU
		{82DBB53D-C236-4B6C-AEA5-E918AB8986DF}.Release|Any CPU.Build.0 = Release|Any CPU
	EndGlobalSection
	GlobalSection(SolutionProperties) = preSolution
		HideSolutionNode = FALSE
	EndGlobalSection
	GlobalSection(ExtensibilityGlobals) = postSolution
		SolutionGuid = {55B49B95-69AB-4FD9-92E8-C2B0CD87B402}
	EndGlobalSection
EndGlobal
